{
  "name": "dxf-converter",
  "version": "1.0.0",
  "lockfileVersion": 1,
  "requires": true,
  "dependencies": {
    "b-spline": {
      "version": "2.0.1",
      "resolved": "https://registry.npmjs.org/b-spline/-/b-spline-2.0.1.tgz",
      "integrity": "sha1-gclOXbqLs5z6dArrCqhfT5EYFac="
    },
    "commander": {
      "version": "2.18.0",
      "resolved": "https://registry.npmjs.org/commander/-/commander-2.18.0.tgz",
      "integrity": "sha512-6CYPa+JP2ftfRU2qkDK+UTVeQYosOg/2GbcjIcKPHfinyOLPVGXu/ovN86RP49Re5ndJK1N0kuiidFFuepc4ZQ=="
    },
    "dotenv": {
      "version": "6.0.0",
      "resolved": "https://registry.npmjs.org/dotenv/-/dotenv-6.0.0.tgz",
      "integrity": "sha512-FlWbnhgjtwD+uNLUGHbMykMOYQaTivdHEmYwAKFjn6GKe/CqY0fNae93ZHTd20snh9ZLr8mTzIL9m0APQ1pjQg=="
    },
    "dxf": {
      "version": "3.3.0",
      "resolved": "https://registry.npmjs.org/dxf/-/dxf-3.3.0.tgz",
      "integrity": "sha512-ZN8bCiP4/tD8pPU3MSrWQbq0bCzwzpL/qH9JEa6A2rPJ/HsR3zGr/MOqwq/aI1jDgQvyNRj+MsLOtFKtZlGBWQ==",
      "requires": {
        "b-spline": "2.0.1",
        "commander": "2.18.0",
        "lodash.clonedeep": "4.5.0",
        "pretty-data": "0.40.0",
        "vecks": "3.7.2"
      }
    },
    "esm": {
      "version": "3.0.84",
      "resolved": "https://registry.npmjs.org/esm/-/esm-3.0.84.tgz",
      "integrity": "sha512-SzSGoZc17S7P+12R9cg21Bdb7eybX25RnIeRZ80xZs+VZ3kdQKzqTp2k4hZJjR7p9l0186TTXSgrxzlMDBktlw=="
    },
    "lodash.clonedeep": {
      "version": "4.5.0",
      "resolved": "https://registry.npmjs.org/lodash.clonedeep/-/lodash.clonedeep-4.5.0.tgz",
      "integrity": "sha1-4j8/nE+Pvd6HJSnBBxhXoIblzO8="
    },
    "pretty-data": {
      "version": "0.40.0",
      "resolved": "https://registry.npmjs.org/pretty-data/-/pretty-data-0.40.0.tgz",
      "integrity": "sha1-Vyqo6iNGdGerlLa1Jmpv2cj93XI="
    },
    "sax": {
      "version": "1.2.4",
      "resolved": "https://registry.npmjs.org/sax/-/sax-1.2.4.tgz",
      "integrity": "sha512-NqVDv9TpANUjFm0N8uM5GxL36UgKi9/atZw+x7YFnQ8ckwFGKrl4xX4yWtrey3UJm5nP1kUbnYgLopqWNSRhWw=="
    },
    "vecks": {
      "version": "3.7.2",
      "resolved": "https://registry.npmjs.org/vecks/-/vecks-3.7.2.tgz",
      "integrity": "sha512-AKnxg1GivHPBdVFMKeZZAr6V4/5w8dfO1E7tlJY9BhZc3z31xIdkezgnUePuW2TZVbgTA9CrGiC0zZ442b0drw=="
    },
    "xml-js": {
      "version": "1.6.8",
      "resolved": "https://registry.npmjs.org/xml-js/-/xml-js-1.6.8.tgz",
      "integrity": "sha512-kUv/geyN80d+s1T68uBfjoz+PjNUjwwf5AWWRwKRqqQaGozpMVsFsKYnenPsxlbN/VL7f0ia8NfLLPCDwX+95Q==",
      "requires": {
        "sax": "1.2.4"
      }
    }
  }
}
